
Microsoft Visual Studio Solution File, Format Version 12.00
# Visual Studio 14
VisualStudioVersion = 14.0.25123.0
MinimumVisualStudioVersion = 10.0.40219.1
Project("{8BC9CEB8-8B4A-11D0-8D11-00A0C91BC942}") = "OpenGL", "platform\Windows\OpenGL.vcxproj", "{1D50039E-1C7E-4CDF-9DD4-4739C7FEDDD5}"
EndProject
Project("{8BC9CEB8-8B4A-11D0-8D11-00A0C91BC942}") = "DirectX", "platform\Windows\DirectX.vcxproj", "{15A58F74-F5CE-47F9-81A3-C15BE1D50102}"
EndProject
Global
	GlobalSection(SolutionConfigurationPlatforms) = preSolution
		Debug|x64 = Debug|x64
		Debug|x86 = Debug|x86
		Release|x64 = Release|x64
		Release|x86 = Release|x86
	EndGlobalSection
	GlobalSection(ProjectConfigurationPlatforms) = postSolution
		{1D50039E-1C7E-4CDF-9DD4-4739C7FEDDD5}.Debug|x64.ActiveCfg = Debug|x64
		{1D50039E-1C7E-4CDF-9DD4-4739C7FEDDD5}.Debug|x64.Build.0 = Debug|x64
		{1D50039E-1C7E-4CDF-9DD4-4739C7FEDDD5}.Debug|x86.ActiveCfg = Debug|Win32
		{1D50039E-1C7E-4CDF-9DD4-4739C7FEDDD5}.Debug|x86.Build.0 = Debug|Win32
		{1D50039E-1C7E-4CDF-9DD4-4739C7FEDDD5}.Release|x64.ActiveCfg = Release|x64
		{1D50039E-1C7E-4CDF-9DD4-4739C7FEDDD5}.Release|x64.Build.0 = Release|x64
		{1D50039E-1C7E-4CDF-9DD4-4739C7FEDDD5}.Release|x86.ActiveCfg = Release|Win32
		{1D50039E-1C7E-4CDF-9DD4-4739C7FEDDD5}.Release|x86.Build.0 = Release|Win32
		{15A58F74-F5CE-47F9-81A3-C15BE1D50102}.Debug|x64.ActiveCfg = Debug|x64
		{15A58F74-F5CE-47F9-81A3-C15BE1D50102}.Debug|x64.Build.0 = Debug|x64
		{15A58F74-F5CE-47F9-81A3-C15BE1D50102}.Debug|x86.ActiveCfg = Debug|Win32
		{15A58F74-F5CE-47F9-81A3-C15BE1D50102}.Debug|x86.Build.0 = Debug|Win32
		{15A58F74-F5CE-47F9-81A3-C15BE1D50102}.Release|x64.ActiveCfg = Release|x64
		{15A58F74-F5CE-47F9-81A3-C15BE1D50102}.Release|x64.Build.0 = Release|x64
		{15A58F74-F5CE-47F9-81A3-C15BE1D50102}.Release|x86.ActiveCfg = Release|Win32
		{15A58F74-F5CE-47F9-81A3-C15BE1D50102}.Release|x86.Build.0 = Release|Win32
	EndGlobalSection
	GlobalSection(SolutionProperties) = preSolution
		HideSolutionNode = FALSE
	EndGlobalSection
EndGlobal
